
Microsoft Visual Studio Solution File, Format Version 12.00
# Visual Studio Version 17
VisualStudioVersion = 17.9.34607.119
MinimumVisualStudioVersion = 10.0.40219.1
Project("{FAE04EC0-301F-11D3-BF4B-00C04F79EFBC}") = "HotKey", "HotKey\HotKey.csproj", "{2D84EA4F-D9EA-4B4C-9AA8-A4BAECA24FC8}"
EndProject
Project("{FAE04EC0-301F-11D3-BF4B-00C04F79EFBC}") = "HotKey.WPF", "HotKey.WPF\HotKey.WPF.csproj", "{780F9CB6-B6A3-470D-A113-C680106D2E77}"
EndProject
Global
	GlobalSection(SolutionConfigurationPlatforms) = preSolution
		Debug|Any CPU = Debug|Any CPU
		Release|Any CPU = Release|Any CPU
	EndGlobalSection
	GlobalSection(ProjectConfigurationPlatforms) = postSolution
		{2D84EA4F-D9EA-4B4C-9AA8-A4BAECA24FC8}.Debug|Any CPU.ActiveCfg = Debug|Any CPU
		{2D84EA4F-D9EA-4B4C-9AA8-A4BAECA24FC8}.Debug|Any CPU.Build.0 = Debug|Any CPU
		{2D84EA4F-D9EA-4B4C-9AA8-A4BAECA24FC8}.Release|Any CPU.ActiveCfg = Release|Any CPU
		{2D84EA4F-D9EA-4B4C-9AA8-A4BAECA24FC8}.Release|Any CPU.Build.0 = Release|Any CPU
		{780F9CB6-B6A3-470D-A113-C680106D2E77}.Debug|Any CPU.ActiveCfg = Debug|Any CPU
		{780F9CB6-B6A3-470D-A113-C680106D2E77}.Debug|Any CPU.Build.0 = Debug|Any CPU
		{780F9CB6-B6A3-470D-A113-C680106D2E77}.Release|Any CPU.ActiveCfg = Release|Any CPU
		{780F9CB6-B6A3-470D-A113-C680106D2E77}.Release|Any CPU.Build.0 = Release|Any CPU
	EndGlobalSection
	GlobalSection(SolutionProperties) = preSolution
		HideSolutionNode = FALSE
	EndGlobalSection
	GlobalSection(ExtensibilityGlobals) = postSolution
		SolutionGuid = {C40F6B1A-72FD-4D11-B8DD-45D835D9A01E}
	EndGlobalSection
EndGlobal
