
Microsoft Visual Studio Solution File, Format Version 12.00
# Visual Studio Version 17
VisualStudioVersion = 17.9.34607.119
MinimumVisualStudioVersion = 10.0.40219.1
Project("{9A19103F-16F7-4668-BE54-9A1E7A4F7556}") = "HotKey", "HotKey\HotKey.csproj", "{2D84EA4F-D9EA-4B4C-9AA8-A4BAECA24FC8}"
EndProject
Project("{9A19103F-16F7-4668-BE54-9A1E7A4F7556}") = "HotKey.WinForms", "HotKey.WinForms\HotKey.WinForms.csproj", "{444E971C-15FD-4D83-9C0B-BCEB24BD0C26}"
EndProject
Project("{9A19103F-16F7-4668-BE54-9A1E7A4F7556}") = "HotKey.Wpf", "HotKey.Wpf\HotKey.Wpf.csproj", "{CBDE975C-A6EC-4DC9-9394-68902DC84156}"
EndProject
Project("{9A19103F-16F7-4668-BE54-9A1E7A4F7556}") = "HotKey.Wpf.Test", "HotKey.Wpf.Test\HotKey.Wpf.Test.csproj", "{6CD036AC-A115-4DA2-AF60-4871A3EA665A}"
EndProject
Project("{FAE04EC0-301F-11D3-BF4B-00C04F79EFBC}") = "HotKey.WinForms.Test", "HotKey.WinForms.Test\HotKey.WinForms.Test.csproj", "{AFCAB406-2065-4E43-97DF-15354412189C}"
EndProject
Global
	GlobalSection(SolutionConfigurationPlatforms) = preSolution
		Debug|Any CPU = Debug|Any CPU
		Release|Any CPU = Release|Any CPU
	EndGlobalSection
	GlobalSection(ProjectConfigurationPlatforms) = postSolution
		{2D84EA4F-D9EA-4B4C-9AA8-A4BAECA24FC8}.Debug|Any CPU.ActiveCfg = Debug|Any CPU
		{2D84EA4F-D9EA-4B4C-9AA8-A4BAECA24FC8}.Debug|Any CPU.Build.0 = Debug|Any CPU
		{2D84EA4F-D9EA-4B4C-9AA8-A4BAECA24FC8}.Release|Any CPU.ActiveCfg = Release|Any CPU
		{2D84EA4F-D9EA-4B4C-9AA8-A4BAECA24FC8}.Release|Any CPU.Build.0 = Release|Any CPU
		{444E971C-15FD-4D83-9C0B-BCEB24BD0C26}.Debug|Any CPU.ActiveCfg = Debug|Any CPU
		{444E971C-15FD-4D83-9C0B-BCEB24BD0C26}.Debug|Any CPU.Build.0 = Debug|Any CPU
		{444E971C-15FD-4D83-9C0B-BCEB24BD0C26}.Release|Any CPU.ActiveCfg = Release|Any CPU
		{444E971C-15FD-4D83-9C0B-BCEB24BD0C26}.Release|Any CPU.Build.0 = Release|Any CPU
		{CBDE975C-A6EC-4DC9-9394-68902DC84156}.Debug|Any CPU.ActiveCfg = Debug|Any CPU
		{CBDE975C-A6EC-4DC9-9394-68902DC84156}.Debug|Any CPU.Build.0 = Debug|Any CPU
		{CBDE975C-A6EC-4DC9-9394-68902DC84156}.Release|Any CPU.ActiveCfg = Release|Any CPU
		{CBDE975C-A6EC-4DC9-9394-68902DC84156}.Release|Any CPU.Build.0 = Release|Any CPU
		{6CD036AC-A115-4DA2-AF60-4871A3EA665A}.Debug|Any CPU.ActiveCfg = Debug|Any CPU
		{6CD036AC-A115-4DA2-AF60-4871A3EA665A}.Debug|Any CPU.Build.0 = Debug|Any CPU
		{6CD036AC-A115-4DA2-AF60-4871A3EA665A}.Release|Any CPU.ActiveCfg = Release|Any CPU
		{6CD036AC-A115-4DA2-AF60-4871A3EA665A}.Release|Any CPU.Build.0 = Release|Any CPU
		{AFCAB406-2065-4E43-97DF-15354412189C}.Debug|Any CPU.ActiveCfg = Debug|Any CPU
		{AFCAB406-2065-4E43-97DF-15354412189C}.Debug|Any CPU.Build.0 = Debug|Any CPU
		{AFCAB406-2065-4E43-97DF-15354412189C}.Release|Any CPU.ActiveCfg = Release|Any CPU
		{AFCAB406-2065-4E43-97DF-15354412189C}.Release|Any CPU.Build.0 = Release|Any CPU
	EndGlobalSection
	GlobalSection(SolutionProperties) = preSolution
		HideSolutionNode = FALSE
	EndGlobalSection
	GlobalSection(ExtensibilityGlobals) = postSolution
		SolutionGuid = {C40F6B1A-72FD-4D11-B8DD-45D835D9A01E}
	EndGlobalSection
EndGlobal
