
Microsoft Visual Studio Solution File, Format Version 12.00
# Visual Studio Version 17
VisualStudioVersion = 17.9.34607.119
MinimumVisualStudioVersion = 10.0.40219.1
Project("{9A19103F-16F7-4668-BE54-9A1E7A4F7556}") = "HotKey", "HotKey\HotKey.csproj", "{2D84EA4F-D9EA-4B4C-9AA8-A4BAECA24FC8}"
EndProject
Project("{9A19103F-16F7-4668-BE54-9A1E7A4F7556}") = "HotKey.WinForms", "HotKey.WinForms\HotKey.WinForms.csproj", "{444E971C-15FD-4D83-9C0B-BCEB24BD0C26}"
EndProject
Project("{9A19103F-16F7-4668-BE54-9A1E7A4F7556}") = "HotKey.Wpf", "HotKey.Wpf\HotKey.Wpf.csproj", "{1354E639-90B3-43A2-8648-4B11AE3239F9}"
EndProject
Global
	GlobalSection(SolutionConfigurationPlatforms) = preSolution
		Debug|Any CPU = Debug|Any CPU
		Release|Any CPU = Release|Any CPU
	EndGlobalSection
	GlobalSection(ProjectConfigurationPlatforms) = postSolution
		{2D84EA4F-D9EA-4B4C-9AA8-A4BAECA24FC8}.Debug|Any CPU.ActiveCfg = Debug|Any CPU
		{2D84EA4F-D9EA-4B4C-9AA8-A4BAECA24FC8}.Debug|Any CPU.Build.0 = Debug|Any CPU
		{2D84EA4F-D9EA-4B4C-9AA8-A4BAECA24FC8}.Release|Any CPU.ActiveCfg = Release|Any CPU
		{2D84EA4F-D9EA-4B4C-9AA8-A4BAECA24FC8}.Release|Any CPU.Build.0 = Release|Any CPU
		{444E971C-15FD-4D83-9C0B-BCEB24BD0C26}.Debug|Any CPU.ActiveCfg = Debug|Any CPU
		{444E971C-15FD-4D83-9C0B-BCEB24BD0C26}.Debug|Any CPU.Build.0 = Debug|Any CPU
		{444E971C-15FD-4D83-9C0B-BCEB24BD0C26}.Release|Any CPU.ActiveCfg = Release|Any CPU
		{444E971C-15FD-4D83-9C0B-BCEB24BD0C26}.Release|Any CPU.Build.0 = Release|Any CPU
		{1354E639-90B3-43A2-8648-4B11AE3239F9}.Debug|Any CPU.ActiveCfg = Debug|Any CPU
		{1354E639-90B3-43A2-8648-4B11AE3239F9}.Debug|Any CPU.Build.0 = Debug|Any CPU
		{1354E639-90B3-43A2-8648-4B11AE3239F9}.Release|Any CPU.ActiveCfg = Release|Any CPU
		{1354E639-90B3-43A2-8648-4B11AE3239F9}.Release|Any CPU.Build.0 = Release|Any CPU
	EndGlobalSection
	GlobalSection(SolutionProperties) = preSolution
		HideSolutionNode = FALSE
	EndGlobalSection
	GlobalSection(ExtensibilityGlobals) = postSolution
		SolutionGuid = {C40F6B1A-72FD-4D11-B8DD-45D835D9A01E}
	EndGlobalSection
EndGlobal
